
Microsoft Visual Studio Solution File, Format Version 12.00
# Visual Studio Version 17
VisualStudioVersion = 17.11.35312.102
MinimumVisualStudioVersion = 10.0.40219.1
Project("{FAE04EC0-301F-11D3-BF4B-00C04F79EFBC}") = "MoshInt_MethodOverride", "MoshInt_MethodOverride.csproj", "{2A5460D7-B884-4919-9230-10A19769870B}"
EndProject
Global
	GlobalSection(SolutionConfigurationPlatforms) = preSolution
		Debug|Any CPU = Debug|Any CPU
		Release|Any CPU = Release|Any CPU
	EndGlobalSection
	GlobalSection(ProjectConfigurationPlatforms) = postSolution
		{2A5460D7-B884-4919-9230-10A19769870B}.Debug|Any CPU.ActiveCfg = Debug|Any CPU
		{2A5460D7-B884-4919-9230-10A19769870B}.Debug|Any CPU.Build.0 = Debug|Any CPU
		{2A5460D7-B884-4919-9230-10A19769870B}.Release|Any CPU.ActiveCfg = Release|Any CPU
		{2A5460D7-B884-4919-9230-10A19769870B}.Release|Any CPU.Build.0 = Release|Any CPU
	EndGlobalSection
	GlobalSection(SolutionProperties) = preSolution
		HideSolutionNode = FALSE
	EndGlobalSection
	GlobalSection(ExtensibilityGlobals) = postSolution
		SolutionGuid = {EE0B229A-5C33-4A8E-B021-2962E80C70E3}
	EndGlobalSection
EndGlobal
