
Microsoft Visual Studio Solution File, Format Version 12.00
# Visual Studio Version 17
VisualStudioVersion = 17.11.35312.102
MinimumVisualStudioVersion = 10.0.40219.1
Project("{9A19103F-16F7-4668-BE54-9A1E7A4F7556}") = "BulkyWeb", "BulkyWeb\BulkyWeb.csproj", "{6354F0DC-051C-41F1-B79E-392E332450C1}"
EndProject
Project("{9A19103F-16F7-4668-BE54-9A1E7A4F7556}") = "BulkyWebRazor", "BulkyWebRazor\BulkyWebRazor.csproj", "{6486E9C2-F758-4564-A136-9B156196F79E}"
EndProject
Global
	GlobalSection(SolutionConfigurationPlatforms) = preSolution
		Debug|Any CPU = Debug|Any CPU
		Release|Any CPU = Release|Any CPU
	EndGlobalSection
	GlobalSection(ProjectConfigurationPlatforms) = postSolution
		{6354F0DC-051C-41F1-B79E-392E332450C1}.Debug|Any CPU.ActiveCfg = Debug|Any CPU
		{6354F0DC-051C-41F1-B79E-392E332450C1}.Debug|Any CPU.Build.0 = Debug|Any CPU
		{6354F0DC-051C-41F1-B79E-392E332450C1}.Release|Any CPU.ActiveCfg = Release|Any CPU
		{6354F0DC-051C-41F1-B79E-392E332450C1}.Release|Any CPU.Build.0 = Release|Any CPU
		{6486E9C2-F758-4564-A136-9B156196F79E}.Debug|Any CPU.ActiveCfg = Debug|Any CPU
		{6486E9C2-F758-4564-A136-9B156196F79E}.Debug|Any CPU.Build.0 = Debug|Any CPU
		{6486E9C2-F758-4564-A136-9B156196F79E}.Release|Any CPU.ActiveCfg = Release|Any CPU
		{6486E9C2-F758-4564-A136-9B156196F79E}.Release|Any CPU.Build.0 = Release|Any CPU
	EndGlobalSection
	GlobalSection(SolutionProperties) = preSolution
		HideSolutionNode = FALSE
	EndGlobalSection
	GlobalSection(ExtensibilityGlobals) = postSolution
		SolutionGuid = {50384170-6EDB-4964-8E8B-CE783849C164}
	EndGlobalSection
EndGlobal
