
Microsoft Visual Studio Solution File, Format Version 12.00
# Visual Studio Version 17
VisualStudioVersion = 17.11.35312.102
MinimumVisualStudioVersion = 10.0.40219.1
Project("{FAE04EC0-301F-11D3-BF4B-00C04F79EFBC}") = "MoshInt_Upcasting_DownCasting", "MoshInt_Upcasting_DownCasting.csproj", "{820FF483-6260-4D68-8C7A-CCB4C9B2BF03}"
EndProject
Global
	GlobalSection(SolutionConfigurationPlatforms) = preSolution
		Debug|Any CPU = Debug|Any CPU
		Release|Any CPU = Release|Any CPU
	EndGlobalSection
	GlobalSection(ProjectConfigurationPlatforms) = postSolution
		{820FF483-6260-4D68-8C7A-CCB4C9B2BF03}.Debug|Any CPU.ActiveCfg = Debug|Any CPU
		{820FF483-6260-4D68-8C7A-CCB4C9B2BF03}.Debug|Any CPU.Build.0 = Debug|Any CPU
		{820FF483-6260-4D68-8C7A-CCB4C9B2BF03}.Release|Any CPU.ActiveCfg = Release|Any CPU
		{820FF483-6260-4D68-8C7A-CCB4C9B2BF03}.Release|Any CPU.Build.0 = Release|Any CPU
	EndGlobalSection
	GlobalSection(SolutionProperties) = preSolution
		HideSolutionNode = FALSE
	EndGlobalSection
	GlobalSection(ExtensibilityGlobals) = postSolution
		SolutionGuid = {5B1A9165-574D-44DF-B7C4-DAE14BF7D4FD}
	EndGlobalSection
EndGlobal
