
Microsoft Visual Studio Solution File, Format Version 12.00
# Visual Studio Version 17
VisualStudioVersion = 17.11.35312.102
MinimumVisualStudioVersion = 10.0.40219.1
Project("{FAE04EC0-301F-11D3-BF4B-00C04F79EFBC}") = "MoshFund_Conditionals", "MoshFund_Conditionals\MoshFund_Conditionals.csproj", "{2C41A0FE-ABD1-4F64-BE85-5B7FC47AD168}"
EndProject
Global
	GlobalSection(SolutionConfigurationPlatforms) = preSolution
		Debug|Any CPU = Debug|Any CPU
		Release|Any CPU = Release|Any CPU
	EndGlobalSection
	GlobalSection(ProjectConfigurationPlatforms) = postSolution
		{2C41A0FE-ABD1-4F64-BE85-5B7FC47AD168}.Debug|Any CPU.ActiveCfg = Debug|Any CPU
		{2C41A0FE-ABD1-4F64-BE85-5B7FC47AD168}.Debug|Any CPU.Build.0 = Debug|Any CPU
		{2C41A0FE-ABD1-4F64-BE85-5B7FC47AD168}.Release|Any CPU.ActiveCfg = Release|Any CPU
		{2C41A0FE-ABD1-4F64-BE85-5B7FC47AD168}.Release|Any CPU.Build.0 = Release|Any CPU
	EndGlobalSection
	GlobalSection(SolutionProperties) = preSolution
		HideSolutionNode = FALSE
	EndGlobalSection
	GlobalSection(ExtensibilityGlobals) = postSolution
		SolutionGuid = {C20D7187-0509-425E-97A1-E49C7E9A7822}
	EndGlobalSection
EndGlobal
