
Microsoft Visual Studio Solution File, Format Version 12.00
# Visual Studio Version 17
VisualStudioVersion = 17.11.35312.102
MinimumVisualStudioVersion = 10.0.40219.1
Project("{FAE04EC0-301F-11D3-BF4B-00C04F79EFBC}") = "MoshInt_InterfacePolymorphism", "MoshInt_InterfacePolymorphism.csproj", "{5CAB06E6-B3D5-435C-8A3E-E516DE0F800B}"
EndProject
Global
	GlobalSection(SolutionConfigurationPlatforms) = preSolution
		Debug|Any CPU = Debug|Any CPU
		Release|Any CPU = Release|Any CPU
	EndGlobalSection
	GlobalSection(ProjectConfigurationPlatforms) = postSolution
		{5CAB06E6-B3D5-435C-8A3E-E516DE0F800B}.Debug|Any CPU.ActiveCfg = Debug|Any CPU
		{5CAB06E6-B3D5-435C-8A3E-E516DE0F800B}.Debug|Any CPU.Build.0 = Debug|Any CPU
		{5CAB06E6-B3D5-435C-8A3E-E516DE0F800B}.Release|Any CPU.ActiveCfg = Release|Any CPU
		{5CAB06E6-B3D5-435C-8A3E-E516DE0F800B}.Release|Any CPU.Build.0 = Release|Any CPU
	EndGlobalSection
	GlobalSection(SolutionProperties) = preSolution
		HideSolutionNode = FALSE
	EndGlobalSection
	GlobalSection(ExtensibilityGlobals) = postSolution
		SolutionGuid = {96FC7D51-62E3-4C56-AF60-558764C33365}
	EndGlobalSection
EndGlobal
