
Microsoft Visual Studio Solution File, Format Version 12.00
# Visual Studio Version 17
VisualStudioVersion = 17.11.35312.102
MinimumVisualStudioVersion = 10.0.40219.1
Project("{FAE04EC0-301F-11D3-BF4B-00C04F79EFBC}") = "MoshInt_Fields", "MoshInt_Fields.csproj", "{CCC977F2-000B-49E8-8A81-867F3C1DB9BD}"
EndProject
Global
	GlobalSection(SolutionConfigurationPlatforms) = preSolution
		Debug|Any CPU = Debug|Any CPU
		Release|Any CPU = Release|Any CPU
	EndGlobalSection
	GlobalSection(ProjectConfigurationPlatforms) = postSolution
		{CCC977F2-000B-49E8-8A81-867F3C1DB9BD}.Debug|Any CPU.ActiveCfg = Debug|Any CPU
		{CCC977F2-000B-49E8-8A81-867F3C1DB9BD}.Debug|Any CPU.Build.0 = Debug|Any CPU
		{CCC977F2-000B-49E8-8A81-867F3C1DB9BD}.Release|Any CPU.ActiveCfg = Release|Any CPU
		{CCC977F2-000B-49E8-8A81-867F3C1DB9BD}.Release|Any CPU.Build.0 = Release|Any CPU
	EndGlobalSection
	GlobalSection(SolutionProperties) = preSolution
		HideSolutionNode = FALSE
	EndGlobalSection
	GlobalSection(ExtensibilityGlobals) = postSolution
		SolutionGuid = {042DC204-2062-46A4-9D31-EAA776141E2C}
	EndGlobalSection
EndGlobal
