
Microsoft Visual Studio Solution File, Format Version 12.00
# Visual Studio Version 17
VisualStudioVersion = 17.11.35312.102
MinimumVisualStudioVersion = 10.0.40219.1
Project("{FAE04EC0-301F-11D3-BF4B-00C04F79EFBC}") = "MoshFund_ConditionalExercises", "MoshFund_ConditionalExercises\MoshFund_ConditionalExercises.csproj", "{5743114C-9540-417E-AA04-62866B6F70A2}"
EndProject
Global
	GlobalSection(SolutionConfigurationPlatforms) = preSolution
		Debug|Any CPU = Debug|Any CPU
		Release|Any CPU = Release|Any CPU
	EndGlobalSection
	GlobalSection(ProjectConfigurationPlatforms) = postSolution
		{5743114C-9540-417E-AA04-62866B6F70A2}.Debug|Any CPU.ActiveCfg = Debug|Any CPU
		{5743114C-9540-417E-AA04-62866B6F70A2}.Debug|Any CPU.Build.0 = Debug|Any CPU
		{5743114C-9540-417E-AA04-62866B6F70A2}.Release|Any CPU.ActiveCfg = Release|Any CPU
		{5743114C-9540-417E-AA04-62866B6F70A2}.Release|Any CPU.Build.0 = Release|Any CPU
	EndGlobalSection
	GlobalSection(SolutionProperties) = preSolution
		HideSolutionNode = FALSE
	EndGlobalSection
	GlobalSection(ExtensibilityGlobals) = postSolution
		SolutionGuid = {7D3DD7DC-535C-49AE-854C-0854414310F9}
	EndGlobalSection
EndGlobal
