
Microsoft Visual Studio Solution File, Format Version 12.00
# Visual Studio Version 17
VisualStudioVersion = 17.11.35312.102
MinimumVisualStudioVersion = 10.0.40219.1
Project("{FAE04EC0-301F-11D3-BF4B-00C04F79EFBC}") = "MoshFund_LoopExercises", "MoshFund_LoopExercises\MoshFund_LoopExercises.csproj", "{CD91BB2C-E346-4CC5-B94B-AD472BBBD9AF}"
EndProject
Global
	GlobalSection(SolutionConfigurationPlatforms) = preSolution
		Debug|Any CPU = Debug|Any CPU
		Release|Any CPU = Release|Any CPU
	EndGlobalSection
	GlobalSection(ProjectConfigurationPlatforms) = postSolution
		{CD91BB2C-E346-4CC5-B94B-AD472BBBD9AF}.Debug|Any CPU.ActiveCfg = Debug|Any CPU
		{CD91BB2C-E346-4CC5-B94B-AD472BBBD9AF}.Debug|Any CPU.Build.0 = Debug|Any CPU
		{CD91BB2C-E346-4CC5-B94B-AD472BBBD9AF}.Release|Any CPU.ActiveCfg = Release|Any CPU
		{CD91BB2C-E346-4CC5-B94B-AD472BBBD9AF}.Release|Any CPU.Build.0 = Release|Any CPU
	EndGlobalSection
	GlobalSection(SolutionProperties) = preSolution
		HideSolutionNode = FALSE
	EndGlobalSection
	GlobalSection(ExtensibilityGlobals) = postSolution
		SolutionGuid = {A85D04AC-B3CF-4A23-9F1D-ED4EDA0D6D6B}
	EndGlobalSection
EndGlobal
